
Microsoft Visual Studio Solution File, Format Version 12.00
# Visual Studio 14
VisualStudioVersion = 14.0.25123.0
MinimumVisualStudioVersion = 10.0.40219.1
Project("{8BC9CEB8-8B4A-11D0-8D11-00A0C91BC942}") = "WinAPI_1", "WinAPI_1\winapi_1.vcxproj", "{D885DB1B-DDB4-46C2-AE10-897CA172EA0E}"
EndProject
Project("{8BC9CEB8-8B4A-11D0-8D11-00A0C91BC942}") = "WinAPI_2", "WinAPI_2\WinAPI_2.vcxproj", "{66EAF184-2E16-453F-86EA-0456B95B9B55}"
EndProject
Project("{8BC9CEB8-8B4A-11D0-8D11-00A0C91BC942}") = "Gdi_1", "Gdi_1\Gdi_1.vcxproj", "{73DEF273-1ACE-421D-B2AA-C376E27FEEEE}"
EndProject
Project("{8BC9CEB8-8B4A-11D0-8D11-00A0C91BC942}") = "MFC_1", "MFC_1\MFC_1.vcxproj", "{4BAB0F7A-1AC2-416C-8FAC-D57BF023E08E}"
EndProject
Global
	GlobalSection(SolutionConfigurationPlatforms) = preSolution
		Debug|x64 = Debug|x64
		Debug|x86 = Debug|x86
		Release|x64 = Release|x64
		Release|x86 = Release|x86
	EndGlobalSection
	GlobalSection(ProjectConfigurationPlatforms) = postSolution
		{D885DB1B-DDB4-46C2-AE10-897CA172EA0E}.Debug|x64.ActiveCfg = Debug|x64
		{D885DB1B-DDB4-46C2-AE10-897CA172EA0E}.Debug|x64.Build.0 = Debug|x64
		{D885DB1B-DDB4-46C2-AE10-897CA172EA0E}.Debug|x86.ActiveCfg = Debug|Win32
		{D885DB1B-DDB4-46C2-AE10-897CA172EA0E}.Debug|x86.Build.0 = Debug|Win32
		{D885DB1B-DDB4-46C2-AE10-897CA172EA0E}.Release|x64.ActiveCfg = Release|x64
		{D885DB1B-DDB4-46C2-AE10-897CA172EA0E}.Release|x64.Build.0 = Release|x64
		{D885DB1B-DDB4-46C2-AE10-897CA172EA0E}.Release|x86.ActiveCfg = Release|Win32
		{D885DB1B-DDB4-46C2-AE10-897CA172EA0E}.Release|x86.Build.0 = Release|Win32
		{66EAF184-2E16-453F-86EA-0456B95B9B55}.Debug|x64.ActiveCfg = Debug|x64
		{66EAF184-2E16-453F-86EA-0456B95B9B55}.Debug|x64.Build.0 = Debug|x64
		{66EAF184-2E16-453F-86EA-0456B95B9B55}.Debug|x86.ActiveCfg = Debug|Win32
		{66EAF184-2E16-453F-86EA-0456B95B9B55}.Debug|x86.Build.0 = Debug|Win32
		{66EAF184-2E16-453F-86EA-0456B95B9B55}.Release|x64.ActiveCfg = Release|x64
		{66EAF184-2E16-453F-86EA-0456B95B9B55}.Release|x64.Build.0 = Release|x64
		{66EAF184-2E16-453F-86EA-0456B95B9B55}.Release|x86.ActiveCfg = Release|Win32
		{66EAF184-2E16-453F-86EA-0456B95B9B55}.Release|x86.Build.0 = Release|Win32
		{73DEF273-1ACE-421D-B2AA-C376E27FEEEE}.Debug|x64.ActiveCfg = Debug|x64
		{73DEF273-1ACE-421D-B2AA-C376E27FEEEE}.Debug|x64.Build.0 = Debug|x64
		{73DEF273-1ACE-421D-B2AA-C376E27FEEEE}.Debug|x86.ActiveCfg = Debug|Win32
		{73DEF273-1ACE-421D-B2AA-C376E27FEEEE}.Debug|x86.Build.0 = Debug|Win32
		{73DEF273-1ACE-421D-B2AA-C376E27FEEEE}.Release|x64.ActiveCfg = Release|x64
		{73DEF273-1ACE-421D-B2AA-C376E27FEEEE}.Release|x64.Build.0 = Release|x64
		{73DEF273-1ACE-421D-B2AA-C376E27FEEEE}.Release|x86.ActiveCfg = Release|Win32
		{73DEF273-1ACE-421D-B2AA-C376E27FEEEE}.Release|x86.Build.0 = Release|Win32
		{4BAB0F7A-1AC2-416C-8FAC-D57BF023E08E}.Debug|x64.ActiveCfg = Debug|x64
		{4BAB0F7A-1AC2-416C-8FAC-D57BF023E08E}.Debug|x64.Build.0 = Debug|x64
		{4BAB0F7A-1AC2-416C-8FAC-D57BF023E08E}.Debug|x86.ActiveCfg = Debug|Win32
		{4BAB0F7A-1AC2-416C-8FAC-D57BF023E08E}.Debug|x86.Build.0 = Debug|Win32
		{4BAB0F7A-1AC2-416C-8FAC-D57BF023E08E}.Release|x64.ActiveCfg = Release|x64
		{4BAB0F7A-1AC2-416C-8FAC-D57BF023E08E}.Release|x64.Build.0 = Release|x64
		{4BAB0F7A-1AC2-416C-8FAC-D57BF023E08E}.Release|x86.ActiveCfg = Release|Win32
		{4BAB0F7A-1AC2-416C-8FAC-D57BF023E08E}.Release|x86.Build.0 = Release|Win32
	EndGlobalSection
	GlobalSection(SolutionProperties) = preSolution
		HideSolutionNode = FALSE
	EndGlobalSection
EndGlobal
